
Microsoft Visual Studio Solution File, Format Version 12.00
# Visual Studio Version 17
VisualStudioVersion = 17.0.32014.148
MinimumVisualStudioVersion = 10.0.40219.1
Project("{FAE04EC0-301F-11D3-BF4B-00C04F79EFBC}") = "api_generica_ecc", "api_generica_ecc\api_generica_ecc.csproj", "{C3129E92-AEBB-4542-B099-974D1EAF2E6A}"
EndProject
Global
	GlobalSection(SolutionConfigurationPlatforms) = preSolution
		Debug|Any CPU = Debug|Any CPU
		Release|Any CPU = Release|Any CPU
	EndGlobalSection
	GlobalSection(ProjectConfigurationPlatforms) = postSolution
		{C3129E92-AEBB-4542-B099-974D1EAF2E6A}.Debug|Any CPU.ActiveCfg = Debug|Any CPU
		{C3129E92-AEBB-4542-B099-974D1EAF2E6A}.Debug|Any CPU.Build.0 = Debug|Any CPU
		{C3129E92-AEBB-4542-B099-974D1EAF2E6A}.Release|Any CPU.ActiveCfg = Release|Any CPU
		{C3129E92-AEBB-4542-B099-974D1EAF2E6A}.Release|Any CPU.Build.0 = Release|Any CPU
	EndGlobalSection
	GlobalSection(SolutionProperties) = preSolution
		HideSolutionNode = FALSE
	EndGlobalSection
	GlobalSection(ExtensibilityGlobals) = postSolution
		SolutionGuid = {589FCEAB-83C7-49AA-9444-A1B6F4EEADF6}
	EndGlobalSection
EndGlobal
